// !$*UTF8*$!
{
	archiveVersion = 1;
	classes = {
	};
	objectVersion = 55;
	objects = {

/* Begin PBXBuildFile section */
		37B4EADA2934301D00308CE7 /* scene.usdz in Resources */ = {isa = PBXBuildFile; fileRef = 37B4EAD92934301D00308CE7 /* scene.usdz */; };
		DB21D9D62834705300E348B8 /* ARComponent.swift in Sources */ = {isa = PBXBuildFile; fileRef = DB21D9D52834705300E348B8 /* ARComponent.swift */; };
		DB21D9D82834712200E348B8 /* ComponentA.swift in Sources */ = {isa = PBXBuildFile; fileRef = DB21D9D72834712200E348B8 /* ComponentA.swift */; };
		DB21D9DA2834747600E348B8 /* ComponentB.swift in Sources */ = {isa = PBXBuildFile; fileRef = DB21D9D92834747600E348B8 /* ComponentB.swift */; };
		DBF8BC1928208D7D0006F6C9 /* AppDelegate.swift in Sources */ = {isa = PBXBuildFile; fileRef = DBF8BC1828208D7D0006F6C9 /* AppDelegate.swift */; };
		DBF8BC1B28208D7D0006F6C9 /* ViewController.swift in Sources */ = {isa = PBXBuildFile; fileRef = DBF8BC1A28208D7D0006F6C9 /* ViewController.swift */; };
		DBF8BC1D28208D7D0006F6C9 /* Experience.rcproject in Sources */ = {isa = PBXBuildFile; fileRef = DBF8BC1C28208D7D0006F6C9 /* Experience.rcproject */; };
		DBF8BC2028208D7D0006F6C9 /* Main.storyboard in Resources */ = {isa = PBXBuildFile; fileRef = DBF8BC1E28208D7D0006F6C9 /* Main.storyboard */; };
		DBF8BC2228208D800006F6C9 /* Assets.xcassets in Resources */ = {isa = PBXBuildFile; fileRef = DBF8BC2128208D800006F6C9 /* Assets.xcassets */; };
		DBF8BC2528208D800006F6C9 /* LaunchScreen.storyboard in Resources */ = {isa = PBXBuildFile; fileRef = DBF8BC2328208D800006F6C9 /* LaunchScreen.storyboard */; };
		DBF8BC2F28208D800006F6C9 /* OverlappingObjectsTests.swift in Sources */ = {isa = PBXBuildFile; fileRef = DBF8BC2E28208D800006F6C9 /* OverlappingObjectsTests.swift */; };
		DBF8BC3928208D800006F6C9 /* OverlappingObjectsUITests.swift in Sources */ = {isa = PBXBuildFile; fileRef = DBF8BC3828208D800006F6C9 /* OverlappingObjectsUITests.swift */; };
		DBF8BC3B28208D800006F6C9 /* OverlappingObjectsUITestsLaunchTests.swift in Sources */ = {isa = PBXBuildFile; fileRef = DBF8BC3A28208D800006F6C9 /* OverlappingObjectsUITestsLaunchTests.swift */; };
		DBF8BC4928208DE20006F6C9 /* Toast in Frameworks */ = {isa = PBXBuildFile; productRef = DBF8BC4828208DE20006F6C9 /* Toast */; };
/* End PBXBuildFile section */

/* Begin PBXContainerItemProxy section */
		DBF8BC2B28208D800006F6C9 /* PBXContainerItemProxy */ = {
			isa = PBXContainerItemProxy;
			containerPortal = DBF8BC0D28208D7D0006F6C9 /* Project object */;
			proxyType = 1;
			remoteGlobalIDString = DBF8BC1428208D7D0006F6C9;
			remoteInfo = OverlappingObjects;
		};
		DBF8BC3528208D800006F6C9 /* PBXContainerItemProxy */ = {
			isa = PBXContainerItemProxy;
			containerPortal = DBF8BC0D28208D7D0006F6C9 /* Project object */;
			proxyType = 1;
			remoteGlobalIDString = DBF8BC1428208D7D0006F6C9;
			remoteInfo = OverlappingObjects;
		};
/* End PBXContainerItemProxy section */

/* Begin PBXFileReference section */
		37B4EAD92934301D00308CE7 /* scene.usdz */ = {isa = PBXFileReference; lastKnownFileType = file.usdz; path = scene.usdz; sourceTree = "<group>"; };
		DB21D9D52834705300E348B8 /* ARComponent.swift */ = {isa = PBXFileReference; lastKnownFileType = sourcecode.swift; path = ARComponent.swift; sourceTree = "<group>"; };
		DB21D9D72834712200E348B8 /* ComponentA.swift */ = {isa = PBXFileReference; lastKnownFileType = sourcecode.swift; path = ComponentA.swift; sourceTree = "<group>"; };
		DB21D9D92834747600E348B8 /* ComponentB.swift */ = {isa = PBXFileReference; lastKnownFileType = sourcecode.swift; path = ComponentB.swift; sourceTree = "<group>"; };
		DBF8BC1528208D7D0006F6C9 /* Proof-of-concept-clickjacking.app */ = {isa = PBXFileReference; explicitFileType = wrapper.application; includeInIndex = 0; path = "Proof-of-concept-clickjacking.app"; sourceTree = BUILT_PRODUCTS_DIR; };
		DBF8BC1828208D7D0006F6C9 /* AppDelegate.swift */ = {isa = PBXFileReference; lastKnownFileType = sourcecode.swift; path = AppDelegate.swift; sourceTree = "<group>"; };
		DBF8BC1A28208D7D0006F6C9 /* ViewController.swift */ = {isa = PBXFileReference; lastKnownFileType = sourcecode.swift; path = ViewController.swift; sourceTree = "<group>"; };
		DBF8BC1C28208D7D0006F6C9 /* Experience.rcproject */ = {isa = PBXFileReference; lastKnownFileType = file.rcproject; path = Experience.rcproject; sourceTree = "<group>"; };
		DBF8BC1F28208D7D0006F6C9 /* Base */ = {isa = PBXFileReference; lastKnownFileType = file.storyboard; name = Base; path = Base.lproj/Main.storyboard; sourceTree = "<group>"; };
		DBF8BC2128208D800006F6C9 /* Assets.xcassets */ = {isa = PBXFileReference; lastKnownFileType = folder.assetcatalog; path = Assets.xcassets; sourceTree = "<group>"; };
		DBF8BC2428208D800006F6C9 /* Base */ = {isa = PBXFileReference; lastKnownFileType = file.storyboard; name = Base; path = Base.lproj/LaunchScreen.storyboard; sourceTree = "<group>"; };
		DBF8BC2A28208D800006F6C9 /* Proof-of-concept-clickjackingTests.xctest */ = {isa = PBXFileReference; explicitFileType = wrapper.cfbundle; includeInIndex = 0; path = "Proof-of-concept-clickjackingTests.xctest"; sourceTree = BUILT_PRODUCTS_DIR; };
		DBF8BC2E28208D800006F6C9 /* OverlappingObjectsTests.swift */ = {isa = PBXFileReference; lastKnownFileType = sourcecode.swift; path = OverlappingObjectsTests.swift; sourceTree = "<group>"; };
		DBF8BC3428208D800006F6C9 /* Proof-of-concept-clickjackingUITests.xctest */ = {isa = PBXFileReference; explicitFileType = wrapper.cfbundle; includeInIndex = 0; path = "Proof-of-concept-clickjackingUITests.xctest"; sourceTree = BUILT_PRODUCTS_DIR; };
		DBF8BC3828208D800006F6C9 /* OverlappingObjectsUITests.swift */ = {isa = PBXFileReference; lastKnownFileType = sourcecode.swift; path = OverlappingObjectsUITests.swift; sourceTree = "<group>"; };
		DBF8BC3A28208D800006F6C9 /* OverlappingObjectsUITestsLaunchTests.swift */ = {isa = PBXFileReference; lastKnownFileType = sourcecode.swift; path = OverlappingObjectsUITestsLaunchTests.swift; sourceTree = "<group>"; };
/* End PBXFileReference section */

/* Begin PBXFrameworksBuildPhase section */
		DBF8BC1228208D7D0006F6C9 /* Frameworks */ = {
			isa = PBXFrameworksBuildPhase;
			buildActionMask = 2147483647;
			files = (
				DBF8BC4928208DE20006F6C9 /* Toast in Frameworks */,
			);
			runOnlyForDeploymentPostprocessing = 0;
		};
		DBF8BC2728208D800006F6C9 /* Frameworks */ = {
			isa = PBXFrameworksBuildPhase;
			buildActionMask = 2147483647;
			files = (
			);
			runOnlyForDeploymentPostprocessing = 0;
		};
		DBF8BC3128208D800006F6C9 /* Frameworks */ = {
			isa = PBXFrameworksBuildPhase;
			buildActionMask = 2147483647;
			files = (
			);
			runOnlyForDeploymentPostprocessing = 0;
		};
/* End PBXFrameworksBuildPhase section */

/* Begin PBXGroup section */
		DBF8BC0C28208D7D0006F6C9 = {
			isa = PBXGroup;
			children = (
				DBF8BC1728208D7D0006F6C9 /* OverlappingObjects */,
				DBF8BC2D28208D800006F6C9 /* OverlappingObjectsTests */,
				DBF8BC3728208D800006F6C9 /* OverlappingObjectsUITests */,
				DBF8BC1628208D7D0006F6C9 /* Products */,
			);
			sourceTree = "<group>";
		};
		DBF8BC1628208D7D0006F6C9 /* Products */ = {
			isa = PBXGroup;
			children = (
				DBF8BC1528208D7D0006F6C9 /* Proof-of-concept-clickjacking.app */,
				DBF8BC2A28208D800006F6C9 /* Proof-of-concept-clickjackingTests.xctest */,
				DBF8BC3428208D800006F6C9 /* Proof-of-concept-clickjackingUITests.xctest */,
			);
			name = Products;
			sourceTree = "<group>";
		};
		DBF8BC1728208D7D0006F6C9 /* OverlappingObjects */ = {
			isa = PBXGroup;
			children = (
				DBF8BC1828208D7D0006F6C9 /* AppDelegate.swift */,
				DBF8BC1A28208D7D0006F6C9 /* ViewController.swift */,
				DBF8BC1C28208D7D0006F6C9 /* Experience.rcproject */,
				DBF8BC1E28208D7D0006F6C9 /* Main.storyboard */,
				DBF8BC2128208D800006F6C9 /* Assets.xcassets */,
				DBF8BC2328208D800006F6C9 /* LaunchScreen.storyboard */,
				DB21D9D52834705300E348B8 /* ARComponent.swift */,
				DB21D9D72834712200E348B8 /* ComponentA.swift */,
				37B4EAD92934301D00308CE7 /* scene.usdz */,
				DB21D9D92834747600E348B8 /* ComponentB.swift */,
			);
			path = OverlappingObjects;
			sourceTree = "<group>";
		};
		DBF8BC2D28208D800006F6C9 /* OverlappingObjectsTests */ = {
			isa = PBXGroup;
			children = (
				DBF8BC2E28208D800006F6C9 /* OverlappingObjectsTests.swift */,
			);
			path = OverlappingObjectsTests;
			sourceTree = "<group>";
		};
		DBF8BC3728208D800006F6C9 /* OverlappingObjectsUITests */ = {
			isa = PBXGroup;
			children = (
				DBF8BC3828208D800006F6C9 /* OverlappingObjectsUITests.swift */,
				DBF8BC3A28208D800006F6C9 /* OverlappingObjectsUITestsLaunchTests.swift */,
			);
			path = OverlappingObjectsUITests;
			sourceTree = "<group>";
		};
/* End PBXGroup section */

/* Begin PBXNativeTarget section */
		DBF8BC1428208D7D0006F6C9 /* Proof-of-concept-clickjacking */ = {
			isa = PBXNativeTarget;
			buildConfigurationList = DBF8BC3E28208D800006F6C9 /* Build configuration list for PBXNativeTarget "Proof-of-concept-clickjacking" */;
			buildPhases = (
				DBF8BC1128208D7D0006F6C9 /* Sources */,
				DBF8BC1228208D7D0006F6C9 /* Frameworks */,
				DBF8BC1328208D7D0006F6C9 /* Resources */,
			);
			buildRules = (
			);
			dependencies = (
			);
			name = "Proof-of-concept-clickjacking";
			packageProductDependencies = (
				DBF8BC4828208DE20006F6C9 /* Toast */,
			);
			productName = OverlappingObjects;
			productReference = DBF8BC1528208D7D0006F6C9 /* Proof-of-concept-clickjacking.app */;
			productType = "com.apple.product-type.application";
		};
		DBF8BC2928208D800006F6C9 /* Proof-of-concept-clickjackingTests */ = {
			isa = PBXNativeTarget;
			buildConfigurationList = DBF8BC4128208D800006F6C9 /* Build configuration list for PBXNativeTarget "Proof-of-concept-clickjackingTests" */;
			buildPhases = (
				DBF8BC2628208D800006F6C9 /* Sources */,
				DBF8BC2728208D800006F6C9 /* Frameworks */,
				DBF8BC2828208D800006F6C9 /* Resources */,
			);
			buildRules = (
			);
			dependencies = (
				DBF8BC2C28208D800006F6C9 /* PBXTargetDependency */,
			);
			name = "Proof-of-concept-clickjackingTests";
			productName = OverlappingObjectsTests;
			productReference = DBF8BC2A28208D800006F6C9 /* Proof-of-concept-clickjackingTests.xctest */;
			productType = "com.apple.product-type.bundle.unit-test";
		};
		DBF8BC3328208D800006F6C9 /* Proof-of-concept-clickjackingUITests */ = {
			isa = PBXNativeTarget;
			buildConfigurationList = DBF8BC4428208D800006F6C9 /* Build configuration list for PBXNativeTarget "Proof-of-concept-clickjackingUITests" */;
			buildPhases = (
				DBF8BC3028208D800006F6C9 /* Sources */,
				DBF8BC3128208D800006F6C9 /* Frameworks */,
				DBF8BC3228208D800006F6C9 /* Resources */,
			);
			buildRules = (
			);
			dependencies = (
				DBF8BC3628208D800006F6C9 /* PBXTargetDependency */,
			);
			name = "Proof-of-concept-clickjackingUITests";
			productName = OverlappingObjectsUITests;
			productReference = DBF8BC3428208D800006F6C9 /* Proof-of-concept-clickjackingUITests.xctest */;
			productType = "com.apple.product-type.bundle.ui-testing";
		};
/* End PBXNativeTarget section */

/* Begin PBXProject section */
		DBF8BC0D28208D7D0006F6C9 /* Project object */ = {
			isa = PBXProject;
			attributes = {
				BuildIndependentTargetsInParallel = 1;
				LastSwiftUpdateCheck = 1330;
				LastUpgradeCheck = 1330;
				TargetAttributes = {
					DBF8BC1428208D7D0006F6C9 = {
						CreatedOnToolsVersion = 13.3.1;
					};
					DBF8BC2928208D800006F6C9 = {
						CreatedOnToolsVersion = 13.3.1;
						TestTargetID = DBF8BC1428208D7D0006F6C9;
					};
					DBF8BC3328208D800006F6C9 = {
						CreatedOnToolsVersion = 13.3.1;
						TestTargetID = DBF8BC1428208D7D0006F6C9;
					};
				};
			};
			buildConfigurationList = DBF8BC1028208D7D0006F6C9 /* Build configuration list for PBXProject "Proof-of-concept-clickjacking" */;
			compatibilityVersion = "Xcode 13.0";
			developmentRegion = en;
			hasScannedForEncodings = 0;
			knownRegions = (
				en,
				Base,
			);
			mainGroup = DBF8BC0C28208D7D0006F6C9;
			packageReferences = (
				DBF8BC4728208DE20006F6C9 /* XCRemoteSwiftPackageReference "Toast-Swift" */,
			);
			productRefGroup = DBF8BC1628208D7D0006F6C9 /* Products */;
			projectDirPath = "";
			projectRoot = "";
			targets = (
				DBF8BC1428208D7D0006F6C9 /* Proof-of-concept-clickjacking */,
				DBF8BC2928208D800006F6C9 /* Proof-of-concept-clickjackingTests */,
				DBF8BC3328208D800006F6C9 /* Proof-of-concept-clickjackingUITests */,
			);
		};
/* End PBXProject section */

/* Begin PBXResourcesBuildPhase section */
		DBF8BC1328208D7D0006F6C9 /* Resources */ = {
			isa = PBXResourcesBuildPhase;
			buildActionMask = 2147483647;
			files = (
				37B4EADA2934301D00308CE7 /* scene.usdz in Resources */,
				DBF8BC2528208D800006F6C9 /* LaunchScreen.storyboard in Resources */,
				DBF8BC2228208D800006F6C9 /* Assets.xcassets in Resources */,
				DBF8BC2028208D7D0006F6C9 /* Main.storyboard in Resources */,
			);
			runOnlyForDeploymentPostprocessing = 0;
		};
		DBF8BC2828208D800006F6C9 /* Resources */ = {
			isa = PBXResourcesBuildPhase;
			buildActionMask = 2147483647;
			files = (
			);
			runOnlyForDeploymentPostprocessing = 0;
		};
		DBF8BC3228208D800006F6C9 /* Resources */ = {
			isa = PBXResourcesBuildPhase;
			buildActionMask = 2147483647;
			files = (
			);
			runOnlyForDeploymentPostprocessing = 0;
		};
/* End PBXResourcesBuildPhase section */

/* Begin PBXSourcesBuildPhase section */
		DBF8BC1128208D7D0006F6C9 /* Sources */ = {
			isa = PBXSourcesBuildPhase;
			buildActionMask = 2147483647;
			files = (
				DBF8BC1B28208D7D0006F6C9 /* ViewController.swift in Sources */,
				DBF8BC1928208D7D0006F6C9 /* AppDelegate.swift in Sources */,
				DB21D9D62834705300E348B8 /* ARComponent.swift in Sources */,
				DB21D9D82834712200E348B8 /* ComponentA.swift in Sources */,
				DB21D9DA2834747600E348B8 /* ComponentB.swift in Sources */,
				DBF8BC1D28208D7D0006F6C9 /* Experience.rcproject in Sources */,
			);
			runOnlyForDeploymentPostprocessing = 0;
		};
		DBF8BC2628208D800006F6C9 /* Sources */ = {
			isa = PBXSourcesBuildPhase;
			buildActionMask = 2147483647;
			files = (
				DBF8BC2F28208D800006F6C9 /* OverlappingObjectsTests.swift in Sources */,
			);
			runOnlyForDeploymentPostprocessing = 0;
		};
		DBF8BC3028208D800006F6C9 /* Sources */ = {
			isa = PBXSourcesBuildPhase;
			buildActionMask = 2147483647;
			files = (
				DBF8BC3928208D800006F6C9 /* OverlappingObjectsUITests.swift in Sources */,
				DBF8BC3B28208D800006F6C9 /* OverlappingObjectsUITestsLaunchTests.swift in Sources */,
			);
			runOnlyForDeploymentPostprocessing = 0;
		};
/* End PBXSourcesBuildPhase section */

/* Begin PBXTargetDependency section */
		DBF8BC2C28208D800006F6C9 /* PBXTargetDependency */ = {
			isa = PBXTargetDependency;
			target = DBF8BC1428208D7D0006F6C9 /* Proof-of-concept-clickjacking */;
			targetProxy = DBF8BC2B28208D800006F6C9 /* PBXContainerItemProxy */;
		};
		DBF8BC3628208D800006F6C9 /* PBXTargetDependency */ = {
			isa = PBXTargetDependency;
			target = DBF8BC1428208D7D0006F6C9 /* Proof-of-concept-clickjacking */;
			targetProxy = DBF8BC3528208D800006F6C9 /* PBXContainerItemProxy */;
		};
/* End PBXTargetDependency section */

/* Begin PBXVariantGroup section */
		DBF8BC1E28208D7D0006F6C9 /* Main.storyboard */ = {
			isa = PBXVariantGroup;
			children = (
				DBF8BC1F28208D7D0006F6C9 /* Base */,
			);
			name = Main.storyboard;
			sourceTree = "<group>";
		};
		DBF8BC2328208D800006F6C9 /* LaunchScreen.storyboard */ = {
			isa = PBXVariantGroup;
			children = (
				DBF8BC2428208D800006F6C9 /* Base */,
			);
			name = LaunchScreen.storyboard;
			sourceTree = "<group>";
		};
/* End PBXVariantGroup section */

/* Begin XCBuildConfiguration section */
		DBF8BC3C28208D800006F6C9 /* Debug */ = {
			isa = XCBuildConfiguration;
			buildSettings = {
				ALWAYS_SEARCH_USER_PATHS = NO;
				CLANG_ANALYZER_NONNULL = YES;
				CLANG_ANALYZER_NUMBER_OBJECT_CONVERSION = YES_AGGRESSIVE;
				CLANG_CXX_LANGUAGE_STANDARD = "gnu++17";
				CLANG_ENABLE_MODULES = YES;
				CLANG_ENABLE_OBJC_ARC = YES;
				CLANG_ENABLE_OBJC_WEAK = YES;
				CLANG_WARN_BLOCK_CAPTURE_AUTORELEASING = YES;
				CLANG_WARN_BOOL_CONVERSION = YES;
				CLANG_WARN_COMMA = YES;
				CLANG_WARN_CONSTANT_CONVERSION = YES;
				CLANG_WARN_DEPRECATED_OBJC_IMPLEMENTATIONS = YES;
				CLANG_WARN_DIRECT_OBJC_ISA_USAGE = YES_ERROR;
				CLANG_WARN_DOCUMENTATION_COMMENTS = YES;
				CLANG_WARN_EMPTY_BODY = YES;
				CLANG_WARN_ENUM_CONVERSION = YES;
				CLANG_WARN_INFINITE_RECURSION = YES;
				CLANG_WARN_INT_CONVERSION = YES;
				CLANG_WARN_NON_LITERAL_NULL_CONVERSION = YES;
				CLANG_WARN_OBJC_IMPLICIT_RETAIN_SELF = YES;
				CLANG_WARN_OBJC_LITERAL_CONVERSION = YES;
				CLANG_WARN_OBJC_ROOT_CLASS = YES_ERROR;
				CLANG_WARN_QUOTED_INCLUDE_IN_FRAMEWORK_HEADER = YES;
				CLANG_WARN_RANGE_LOOP_ANALYSIS = YES;
				CLANG_WARN_STRICT_PROTOTYPES = YES;
				CLANG_WARN_SUSPICIOUS_MOVE = YES;
				CLANG_WARN_UNGUARDED_AVAILABILITY = YES_AGGRESSIVE;
				CLANG_WARN_UNREACHABLE_CODE = YES;
				CLANG_WARN__DUPLICATE_METHOD_MATCH = YES;
				COPY_PHASE_STRIP = NO;
				DEBUG_INFORMATION_FORMAT = dwarf;
				ENABLE_STRICT_OBJC_MSGSEND = YES;
				ENABLE_TESTABILITY = YES;
				GCC_C_LANGUAGE_STANDARD = gnu11;
				GCC_DYNAMIC_NO_PIC = NO;
				GCC_NO_COMMON_BLOCKS = YES;
				GCC_OPTIMIZATION_LEVEL = 0;
				GCC_PREPROCESSOR_DEFINITIONS = (
					"DEBUG=1",
					"$(inherited)",
				);
				GCC_WARN_64_TO_32_BIT_CONVERSION = YES;
				GCC_WARN_ABOUT_RETURN_TYPE = YES_ERROR;
				GCC_WARN_UNDECLARED_SELECTOR = YES;
				GCC_WARN_UNINITIALIZED_AUTOS = YES_AGGRESSIVE;
				GCC_WARN_UNUSED_FUNCTION = YES;
				GCC_WARN_UNUSED_VARIABLE = YES;
				IPHONEOS_DEPLOYMENT_TARGET = 15.4;
				MTL_ENABLE_DEBUG_INFO = INCLUDE_SOURCE;
				MTL_FAST_MATH = YES;
				ONLY_ACTIVE_ARCH = YES;
				SDKROOT = iphoneos;
				SWIFT_ACTIVE_COMPILATION_CONDITIONS = DEBUG;
				SWIFT_OPTIMIZATION_LEVEL = "-Onone";
			};
			name = Debug;
		};
		DBF8BC3D28208D800006F6C9 /* Release */ = {
			isa = XCBuildConfiguration;
			buildSettings = {
				ALWAYS_SEARCH_USER_PATHS = NO;
				CLANG_ANALYZER_NONNULL = YES;
				CLANG_ANALYZER_NUMBER_OBJECT_CONVERSION = YES_AGGRESSIVE;
				CLANG_CXX_LANGUAGE_STANDARD = "gnu++17";
				CLANG_ENABLE_MODULES = YES;
				CLANG_ENABLE_OBJC_ARC = YES;
				CLANG_ENABLE_OBJC_WEAK = YES;
				CLANG_WARN_BLOCK_CAPTURE_AUTORELEASING = YES;
				CLANG_WARN_BOOL_CONVERSION = YES;
				CLANG_WARN_COMMA = YES;
				CLANG_WARN_CONSTANT_CONVERSION = YES;
				CLANG_WARN_DEPRECATED_OBJC_IMPLEMENTATIONS = YES;
				CLANG_WARN_DIRECT_OBJC_ISA_USAGE = YES_ERROR;
				CLANG_WARN_DOCUMENTATION_COMMENTS = YES;
				CLANG_WARN_EMPTY_BODY = YES;
				CLANG_WARN_ENUM_CONVERSION = YES;
				CLANG_WARN_INFINITE_RECURSION = YES;
				CLANG_WARN_INT_CONVERSION = YES;
				CLANG_WARN_NON_LITERAL_NULL_CONVERSION = YES;
				CLANG_WARN_OBJC_IMPLICIT_RETAIN_SELF = YES;
				CLANG_WARN_OBJC_LITERAL_CONVERSION = YES;
				CLANG_WARN_OBJC_ROOT_CLASS = YES_ERROR;
				CLANG_WARN_QUOTED_INCLUDE_IN_FRAMEWORK_HEADER = YES;
				CLANG_WARN_RANGE_LOOP_ANALYSIS = YES;
				CLANG_WARN_STRICT_PROTOTYPES = YES;
				CLANG_WARN_SUSPICIOUS_MOVE = YES;
				CLANG_WARN_UNGUARDED_AVAILABILITY = YES_AGGRESSIVE;
				CLANG_WARN_UNREACHABLE_CODE = YES;
				CLANG_WARN__DUPLICATE_METHOD_MATCH = YES;
				COPY_PHASE_STRIP = NO;
				DEBUG_INFORMATION_FORMAT = "dwarf-with-dsym";
				ENABLE_NS_ASSERTIONS = NO;
				ENABLE_STRICT_OBJC_MSGSEND = YES;
				GCC_C_LANGUAGE_STANDARD = gnu11;
				GCC_NO_COMMON_BLOCKS = YES;
				GCC_WARN_64_TO_32_BIT_CONVERSION = YES;
				GCC_WARN_ABOUT_RETURN_TYPE = YES_ERROR;
				GCC_WARN_UNDECLARED_SELECTOR = YES;
				GCC_WARN_UNINITIALIZED_AUTOS = YES_AGGRESSIVE;
				GCC_WARN_UNUSED_FUNCTION = YES;
				GCC_WARN_UNUSED_VARIABLE = YES;
				IPHONEOS_DEPLOYMENT_TARGET = 15.4;
				MTL_ENABLE_DEBUG_INFO = NO;
				MTL_FAST_MATH = YES;
				SDKROOT = iphoneos;
				SWIFT_COMPILATION_MODE = wholemodule;
				SWIFT_OPTIMIZATION_LEVEL = "-O";
				VALIDATE_PRODUCT = YES;
			};
			name = Release;
		};
		DBF8BC3F28208D800006F6C9 /* Debug */ = {
			isa = XCBuildConfiguration;
			buildSettings = {
				ASSETCATALOG_COMPILER_APPICON_NAME = AppIcon;
				ASSETCATALOG_COMPILER_GLOBAL_ACCENT_COLOR_NAME = AccentColor;
				CODE_SIGN_STYLE = Automatic;
				CURRENT_PROJECT_VERSION = 1;
				DEVELOPMENT_TEAM = DMTVVUYV8P;
				GENERATE_INFOPLIST_FILE = YES;
				INFOPLIST_KEY_NSCameraUsageDescription = "";
				INFOPLIST_KEY_UIApplicationSupportsIndirectInputEvents = YES;
				INFOPLIST_KEY_UILaunchStoryboardName = LaunchScreen;
				INFOPLIST_KEY_UIMainStoryboardFile = Main;
				INFOPLIST_KEY_UIRequiredDeviceCapabilities = arkit;
				INFOPLIST_KEY_UIStatusBarHidden = YES;
				INFOPLIST_KEY_UISupportedInterfaceOrientations_iPad = "UIInterfaceOrientationPortrait UIInterfaceOrientationPortraitUpsideDown UIInterfaceOrientationLandscapeLeft UIInterfaceOrientationLandscapeRight";
				INFOPLIST_KEY_UISupportedInterfaceOrientations_iPhone = "UIInterfaceOrientationPortrait UIInterfaceOrientationLandscapeLeft UIInterfaceOrientationLandscapeRight";
				LD_RUNPATH_SEARCH_PATHS = (
					"$(inherited)",
					"@executable_path/Frameworks",
				);
				MARKETING_VERSION = 1.0;
				PRODUCT_BUNDLE_IDENTIFIER = com.example.OverlappingObjects;
				PRODUCT_NAME = "$(TARGET_NAME)";
				SWIFT_EMIT_LOC_STRINGS = YES;
				SWIFT_VERSION = 5.0;
				TARGETED_DEVICE_FAMILY = "1,2";
			};
			name = Debug;
		};
		DBF8BC4028208D800006F6C9 /* Release */ = {
			isa = XCBuildConfiguration;
			buildSettings = {
				ASSETCATALOG_COMPILER_APPICON_NAME = AppIcon;
				ASSETCATALOG_COMPILER_GLOBAL_ACCENT_COLOR_NAME = AccentColor;
				CODE_SIGN_STYLE = Automatic;
				CURRENT_PROJECT_VERSION = 1;
				DEVELOPMENT_TEAM = DMTVVUYV8P;
				GENERATE_INFOPLIST_FILE = YES;
				INFOPLIST_KEY_NSCameraUsageDescription = "";
				INFOPLIST_KEY_UIApplicationSupportsIndirectInputEvents = YES;
				INFOPLIST_KEY_UILaunchStoryboardName = LaunchScreen;
				INFOPLIST_KEY_UIMainStoryboardFile = Main;
				INFOPLIST_KEY_UIRequiredDeviceCapabilities = arkit;
				INFOPLIST_KEY_UIStatusBarHidden = YES;
				INFOPLIST_KEY_UISupportedInterfaceOrientations_iPad = "UIInterfaceOrientationPortrait UIInterfaceOrientationPortraitUpsideDown UIInterfaceOrientationLandscapeLeft UIInterfaceOrientationLandscapeRight";
				INFOPLIST_KEY_UISupportedInterfaceOrientations_iPhone = "UIInterfaceOrientationPortrait UIInterfaceOrientationLandscapeLeft UIInterfaceOrientationLandscapeRight";
				LD_RUNPATH_SEARCH_PATHS = (
					"$(inherited)",
					"@executable_path/Frameworks",
				);
				MARKETING_VERSION = 1.0;
				PRODUCT_BUNDLE_IDENTIFIER = com.example.OverlappingObjects;
				PRODUCT_NAME = "$(TARGET_NAME)";
				SWIFT_EMIT_LOC_STRINGS = YES;
				SWIFT_VERSION = 5.0;
				TARGETED_DEVICE_FAMILY = "1,2";
			};
			name = Release;
		};
		DBF8BC4228208D800006F6C9 /* Debug */ = {
			isa = XCBuildConfiguration;
			buildSettings = {
				ALWAYS_EMBED_SWIFT_STANDARD_LIBRARIES = YES;
				BUNDLE_LOADER = "$(TEST_HOST)";
				CODE_SIGN_STYLE = Automatic;
				CURRENT_PROJECT_VERSION = 1;
				DEVELOPMENT_TEAM = G4W68G8GFR;
				GENERATE_INFOPLIST_FILE = YES;
				IPHONEOS_DEPLOYMENT_TARGET = 15.4;
				MARKETING_VERSION = 1.0;
				PRODUCT_BUNDLE_IDENTIFIER = com.example.OverlappingObjectsTests;
				PRODUCT_NAME = "$(TARGET_NAME)";
				SWIFT_EMIT_LOC_STRINGS = NO;
				SWIFT_VERSION = 5.0;
				TARGETED_DEVICE_FAMILY = "1,2";
				TEST_HOST = "$(BUILT_PRODUCTS_DIR)/Proof-of-concept-clickjacking.app/Proof-of-concept-clickjacking";
			};
			name = Debug;
		};
		DBF8BC4328208D800006F6C9 /* Release */ = {
			isa = XCBuildConfiguration;
			buildSettings = {
				ALWAYS_EMBED_SWIFT_STANDARD_LIBRARIES = YES;
				BUNDLE_LOADER = "$(TEST_HOST)";
				CODE_SIGN_STYLE = Automatic;
				CURRENT_PROJECT_VERSION = 1;
				DEVELOPMENT_TEAM = G4W68G8GFR;
				GENERATE_INFOPLIST_FILE = YES;
				IPHONEOS_DEPLOYMENT_TARGET = 15.4;
				MARKETING_VERSION = 1.0;
				PRODUCT_BUNDLE_IDENTIFIER = com.example.OverlappingObjectsTests;
				PRODUCT_NAME = "$(TARGET_NAME)";
				SWIFT_EMIT_LOC_STRINGS = NO;
				SWIFT_VERSION = 5.0;
				TARGETED_DEVICE_FAMILY = "1,2";
				TEST_HOST = "$(BUILT_PRODUCTS_DIR)/Proof-of-concept-clickjacking.app/Proof-of-concept-clickjacking";
			};
			name = Release;
		};
		DBF8BC4528208D800006F6C9 /* Debug */ = {
			isa = XCBuildConfiguration;
			buildSettings = {
				ALWAYS_EMBED_SWIFT_STANDARD_LIBRARIES = YES;
				CODE_SIGN_STYLE = Automatic;
				CURRENT_PROJECT_VERSION = 1;
				DEVELOPMENT_TEAM = G4W68G8GFR;
				GENERATE_INFOPLIST_FILE = YES;
				MARKETING_VERSION = 1.0;
				PRODUCT_BUNDLE_IDENTIFIER = com.example.OverlappingObjectsUITests;
				PRODUCT_NAME = "$(TARGET_NAME)";
				SWIFT_EMIT_LOC_STRINGS = NO;
				SWIFT_VERSION = 5.0;
				TARGETED_DEVICE_FAMILY = "1,2";
				TEST_TARGET_NAME = OverlappingObjects;
			};
			name = Debug;
		};
		DBF8BC4628208D800006F6C9 /* Release */ = {
			isa = XCBuildConfiguration;
			buildSettings = {
				ALWAYS_EMBED_SWIFT_STANDARD_LIBRARIES = YES;
				CODE_SIGN_STYLE = Automatic;
				CURRENT_PROJECT_VERSION = 1;
				DEVELOPMENT_TEAM = G4W68G8GFR;
				GENERATE_INFOPLIST_FILE = YES;
				MARKETING_VERSION = 1.0;
				PRODUCT_BUNDLE_IDENTIFIER = com.example.OverlappingObjectsUITests;
				PRODUCT_NAME = "$(TARGET_NAME)";
				SWIFT_EMIT_LOC_STRINGS = NO;
				SWIFT_VERSION = 5.0;
				TARGETED_DEVICE_FAMILY = "1,2";
				TEST_TARGET_NAME = OverlappingObjects;
			};
			name = Release;
		};
/* End XCBuildConfiguration section */

/* Begin XCConfigurationList section */
		DBF8BC1028208D7D0006F6C9 /* Build configuration list for PBXProject "Proof-of-concept-clickjacking" */ = {
			isa = XCConfigurationList;
			buildConfigurations = (
				DBF8BC3C28208D800006F6C9 /* Debug */,
				DBF8BC3D28208D800006F6C9 /* Release */,
			);
			defaultConfigurationIsVisible = 0;
			defaultConfigurationName = Release;
		};
		DBF8BC3E28208D800006F6C9 /* Build configuration list for PBXNativeTarget "Proof-of-concept-clickjacking" */ = {
			isa = XCConfigurationList;
			buildConfigurations = (
				DBF8BC3F28208D800006F6C9 /* Debug */,
				DBF8BC4028208D800006F6C9 /* Release */,
			);
			defaultConfigurationIsVisible = 0;
			defaultConfigurationName = Release;
		};
		DBF8BC4128208D800006F6C9 /* Build configuration list for PBXNativeTarget "Proof-of-concept-clickjackingTests" */ = {
			isa = XCConfigurationList;
			buildConfigurations = (
				DBF8BC4228208D800006F6C9 /* Debug */,
				DBF8BC4328208D800006F6C9 /* Release */,
			);
			defaultConfigurationIsVisible = 0;
			defaultConfigurationName = Release;
		};
		DBF8BC4428208D800006F6C9 /* Build configuration list for PBXNativeTarget "Proof-of-concept-clickjackingUITests" */ = {
			isa = XCConfigurationList;
			buildConfigurations = (
				DBF8BC4528208D800006F6C9 /* Debug */,
				DBF8BC4628208D800006F6C9 /* Release */,
			);
			defaultConfigurationIsVisible = 0;
			defaultConfigurationName = Release;
		};
/* End XCConfigurationList section */

/* Begin XCRemoteSwiftPackageReference section */
		DBF8BC4728208DE20006F6C9 /* XCRemoteSwiftPackageReference "Toast-Swift" */ = {
			isa = XCRemoteSwiftPackageReference;
			repositoryURL = "https://github.com/scalessec/Toast-Swift";
			requirement = {
				branch = master;
				kind = branch;
			};
		};
/* End XCRemoteSwiftPackageReference section */

/* Begin XCSwiftPackageProductDependency section */
		DBF8BC4828208DE20006F6C9 /* Toast */ = {
			isa = XCSwiftPackageProductDependency;
			package = DBF8BC4728208DE20006F6C9 /* XCRemoteSwiftPackageReference "Toast-Swift" */;
			productName = Toast;
		};
/* End XCSwiftPackageProductDependency section */
	};
	rootObject = DBF8BC0D28208D7D0006F6C9 /* Project object */;
}
